
Microsoft Visual Studio Solution File, Format Version 12.00
# Visual Studio 15
Project("{FAE04EC0-301F-11D3-BF4B-00C04F79EFBC}") = "Unity.MARS", "Unity.MARS.csproj", "{B79FD6D2-468B-38A8-FB01-CC2193C4B82C}"
EndProject
Project("{FAE04EC0-301F-11D3-BF4B-00C04F79EFBC}") = "Unity.MARS.Providers.ARFoundation", "Unity.MARS.Providers.ARFoundation.csproj", "{9573520D-206A-E6C6-AE42-B7F3DC6CD0BF}"
EndProject
Project("{FAE04EC0-301F-11D3-BF4B-00C04F79EFBC}") = "UnityEngine.TestRunner", "UnityEngine.TestRunner.csproj", "{510E7829-ABD8-52E9-71F9-643C0EE8D20F}"
EndProject
Project("{FAE04EC0-301F-11D3-BF4B-00C04F79EFBC}") = "Unity.Mathematics", "Unity.Mathematics.csproj", "{F7802E11-0AF3-562F-91C1-026A4A7325ED}"
EndProject
Project("{FAE04EC0-301F-11D3-BF4B-00C04F79EFBC}") = "Unity.XR.ARFoundation", "Unity.XR.ARFoundation.csproj", "{14C1684F-8EA8-3AE0-30BA-839B76E3E7B2}"
EndProject
Project("{FAE04EC0-301F-11D3-BF4B-00C04F79EFBC}") = "Unity.XR.ARKit", "Unity.XR.ARKit.csproj", "{360F6061-7F9D-1C09-90D5-DBA40B8F1FBD}"
EndProject
Project("{FAE04EC0-301F-11D3-BF4B-00C04F79EFBC}") = "Unity.XR.ARSubsystems", "Unity.XR.ARSubsystems.csproj", "{3840DED5-4DAA-4169-7923-B39C6FE2E8A2}"
EndProject
Project("{FAE04EC0-301F-11D3-BF4B-00C04F79EFBC}") = "Unity.RuntimeSceneSerialization", "Unity.RuntimeSceneSerialization.csproj", "{4FAB6BE1-6F68-213C-8401-0DE723ECD15A}"
EndProject
Project("{FAE04EC0-301F-11D3-BF4B-00C04F79EFBC}") = "Unity.MARS.Interfaces", "Unity.MARS.Interfaces.csproj", "{67AB0216-2E2A-D25F-C482-41A4F1016E5F}"
EndProject
Project("{FAE04EC0-301F-11D3-BF4B-00C04F79EFBC}") = "Unity.XRTools.Utils", "Unity.XRTools.Utils.csproj", "{DADD9670-205C-42FB-5E52-C749D837795C}"
EndProject
Project("{FAE04EC0-301F-11D3-BF4B-00C04F79EFBC}") = "UnityEngine.XR.LegacyInputHelpers", "UnityEngine.XR.LegacyInputHelpers.csproj", "{4D27AC66-75E9-7D38-0BC2-B871BD936B8D}"
EndProject
Project("{FAE04EC0-301F-11D3-BF4B-00C04F79EFBC}") = "Unity.XR.ARKit.FaceTracking", "Unity.XR.ARKit.FaceTracking.csproj", "{150BD12D-913A-B79D-CAC6-F2CCB379E6C8}"
EndProject
Project("{FAE04EC0-301F-11D3-BF4B-00C04F79EFBC}") = "Unity.MARS.Companion.Core", "Unity.MARS.Companion.Core.csproj", "{A3550A9B-728C-EA29-0ACD-0F8DA45CC63A}"
EndProject
Project("{FAE04EC0-301F-11D3-BF4B-00C04F79EFBC}") = "Unity.Serialization", "Unity.Serialization.csproj", "{FF93EA03-1B34-9E1F-8DCE-FA3020775B65}"
EndProject
Project("{FAE04EC0-301F-11D3-BF4B-00C04F79EFBC}") = "Unity.Burst", "Unity.Burst.csproj", "{97AC161C-7AE4-8131-0F3C-E17ADBA17AD4}"
EndProject
Project("{FAE04EC0-301F-11D3-BF4B-00C04F79EFBC}") = "Unity.TextMeshPro", "Unity.TextMeshPro.csproj", "{6C91488D-80BC-3EC0-7945-0FA2ED977679}"
EndProject
Project("{FAE04EC0-301F-11D3-BF4B-00C04F79EFBC}") = "Unity.XRTools.ModuleLoader.Interfaces", "Unity.XRTools.ModuleLoader.Interfaces.csproj", "{76EFDCB6-3D7D-6F26-8443-22E656FC1519}"
EndProject
Project("{FAE04EC0-301F-11D3-BF4B-00C04F79EFBC}") = "Unity.Timeline", "Unity.Timeline.csproj", "{46AAA727-79F1-CE61-E149-4FF71E6A5654}"
EndProject
Project("{FAE04EC0-301F-11D3-BF4B-00C04F79EFBC}") = "Unity.Collections", "Unity.Collections.csproj", "{0ECF557A-A87D-AAFD-557F-7396C472BFF2}"
EndProject
Project("{FAE04EC0-301F-11D3-BF4B-00C04F79EFBC}") = "Assembly-CSharp", "Assembly-CSharp.csproj", "{68935561-146A-092C-1CE2-388EF65D57EF}"
EndProject
Project("{FAE04EC0-301F-11D3-BF4B-00C04F79EFBC}") = "Unity.PerformanceTesting", "Unity.PerformanceTesting.csproj", "{656D2392-1D51-A4DB-B824-C1DE8450CE42}"
EndProject
Project("{FAE04EC0-301F-11D3-BF4B-00C04F79EFBC}") = "Unity.XRTools.ModuleLoader", "Unity.XRTools.ModuleLoader.csproj", "{4D212EC0-8690-2E5A-0DC7-1766DB9F2481}"
EndProject
Project("{FAE04EC0-301F-11D3-BF4B-00C04F79EFBC}") = "Unity.Properties.Reflection", "Unity.Properties.Reflection.csproj", "{82715119-1755-CF34-C91C-42AD4186A7CB}"
EndProject
Project("{FAE04EC0-301F-11D3-BF4B-00C04F79EFBC}") = "Unity.Properties", "Unity.Properties.csproj", "{D236E51D-E2CF-D23D-6F8A-8DE66DB78B0E}"
EndProject
Project("{FAE04EC0-301F-11D3-BF4B-00C04F79EFBC}") = "Unity.MARS.MARSHandles", "Unity.MARS.MARSHandles.csproj", "{D21E5A4A-2000-7AFD-2925-AD89E9AF7D0A}"
EndProject
Project("{FAE04EC0-301F-11D3-BF4B-00C04F79EFBC}") = "Unity.MARS.Navmesh", "Unity.MARS.Navmesh.csproj", "{B1AD06A5-2CA7-D6F8-EB73-85CC2E1ADC81}"
EndProject
Project("{FAE04EC0-301F-11D3-BF4B-00C04F79EFBC}") = "Unity.ListViewFramework", "Unity.ListViewFramework.csproj", "{D6E93D5C-9804-2D53-A0D9-4D08D36D9B79}"
EndProject
Project("{FAE04EC0-301F-11D3-BF4B-00C04F79EFBC}") = "Unity.XR.Management", "Unity.XR.Management.csproj", "{641FC2B3-4BC4-05A3-20DC-D07F94DB04AA}"
EndProject
Project("{FAE04EC0-301F-11D3-BF4B-00C04F79EFBC}") = "Unity.Jobs", "Unity.Jobs.csproj", "{E1A4E058-8730-80CB-FDBD-1B4C31688068}"
EndProject
Project("{FAE04EC0-301F-11D3-BF4B-00C04F79EFBC}") = "Unity.MARS.MARSHandles.Picking", "Unity.MARS.MARSHandles.Picking.csproj", "{BCA36A37-CD5C-B0BE-BBC1-361CD59B537B}"
EndProject
Project("{FAE04EC0-301F-11D3-BF4B-00C04F79EFBC}") = "Unity.RuntimeSceneSerialization.Generated", "Unity.RuntimeSceneSerialization.Generated.csproj", "{D26FB099-3CF7-6715-E1C2-C7FADE3C844C}"
EndProject
Project("{FAE04EC0-301F-11D3-BF4B-00C04F79EFBC}") = "UnityEngine.SpatialTracking", "UnityEngine.SpatialTracking.csproj", "{C7988EC7-5BF1-DC16-7C5E-C965DA270668}"
EndProject
Project("{FAE04EC0-301F-11D3-BF4B-00C04F79EFBC}") = "NavMeshComponents", "NavMeshComponents.csproj", "{7E5DEFF0-793D-6383-A95F-F2896FABD553}"
EndProject
Project("{FAE04EC0-301F-11D3-BF4B-00C04F79EFBC}") = "Unity.Subsystem.Registration", "Unity.Subsystem.Registration.csproj", "{0BEC510F-788C-85F8-BFA9-CB56BED791D9}"
EndProject
Project("{FAE04EC0-301F-11D3-BF4B-00C04F79EFBC}") = "Unity.PlasticSCM.Editor", "Unity.PlasticSCM.Editor.csproj", "{484F5309-1C63-CB85-D9C2-E46D070CFEAA}"
EndProject
Project("{FAE04EC0-301F-11D3-BF4B-00C04F79EFBC}") = "Unity.VisualStudio.Editor", "Unity.VisualStudio.Editor.csproj", "{19B53522-5667-B5F5-CA6C-DAFB1FB3E001}"
EndProject
Project("{FAE04EC0-301F-11D3-BF4B-00C04F79EFBC}") = "Unity.Timeline.Editor", "Unity.Timeline.Editor.csproj", "{CEE2F5C3-5213-2730-AF55-48B06E22CD54}"
EndProject
Project("{FAE04EC0-301F-11D3-BF4B-00C04F79EFBC}") = "Unity.TextMeshPro.Editor", "Unity.TextMeshPro.Editor.csproj", "{7C158C92-9C14-3DD9-B59F-CC741166F23B}"
EndProject
Project("{FAE04EC0-301F-11D3-BF4B-00C04F79EFBC}") = "Unity.CollabProxy.Editor", "Unity.CollabProxy.Editor.csproj", "{8D19AC99-28BE-0C30-6A38-C5F40835753A}"
EndProject
Project("{FAE04EC0-301F-11D3-BF4B-00C04F79EFBC}") = "UnityEditor.TestRunner", "UnityEditor.TestRunner.csproj", "{B89F38C7-5482-1630-4B61-37A02C7EA121}"
EndProject
Project("{FAE04EC0-301F-11D3-BF4B-00C04F79EFBC}") = "Unity.MARS.Editor", "Unity.MARS.Editor.csproj", "{771DBBAE-E8B7-2C22-0A43-25ACF2D54A27}"
EndProject
Project("{FAE04EC0-301F-11D3-BF4B-00C04F79EFBC}") = "Unity.Rider.Editor", "Unity.Rider.Editor.csproj", "{DA48A16A-1BA6-3744-289C-96369A6050FE}"
EndProject
Project("{FAE04EC0-301F-11D3-BF4B-00C04F79EFBC}") = "Unity.PerformanceTesting.Editor", "Unity.PerformanceTesting.Editor.csproj", "{5EE5CB2A-8475-1BD9-CC95-E185531C7E1E}"
EndProject
Project("{FAE04EC0-301F-11D3-BF4B-00C04F79EFBC}") = "Unity.MARS.HandlesEditor", "Unity.MARS.HandlesEditor.csproj", "{3EEAE43C-B699-DF56-B92C-5670A17B45BA}"
EndProject
Project("{FAE04EC0-301F-11D3-BF4B-00C04F79EFBC}") = "Unity.MARS.Companion.Core.Editor", "Unity.MARS.Companion.Core.Editor.csproj", "{3E50EC32-A544-ADDF-9FCD-82955892CFCA}"
EndProject
Project("{FAE04EC0-301F-11D3-BF4B-00C04F79EFBC}") = "Unity.XR.ARKit.Editor", "Unity.XR.ARKit.Editor.csproj", "{B7838858-BB0D-7749-55C1-2E2C9E1400E6}"
EndProject
Project("{FAE04EC0-301F-11D3-BF4B-00C04F79EFBC}") = "Unity.MARS.XRSubsystem.Editor", "Unity.MARS.XRSubsystem.Editor.csproj", "{12A6FC40-94FB-C09F-AB99-8F01FAFE2F7D}"
EndProject
Project("{FAE04EC0-301F-11D3-BF4B-00C04F79EFBC}") = "Unity.XR.ARKit.FaceTracking.Editor", "Unity.XR.ARKit.FaceTracking.Editor.csproj", "{00070B97-25AD-0EA4-3561-2D5AE0751662}"
EndProject
Project("{FAE04EC0-301F-11D3-BF4B-00C04F79EFBC}") = "Unity.ContentManager.Editor", "Unity.ContentManager.Editor.csproj", "{00BC37F9-AF47-4673-101C-E396F71B35E4}"
EndProject
Project("{FAE04EC0-301F-11D3-BF4B-00C04F79EFBC}") = "Unity.XR.Management.Editor", "Unity.XR.Management.Editor.csproj", "{FFD0A68A-EF35-159B-C1F8-4CC3069A244F}"
EndProject
Project("{FAE04EC0-301F-11D3-BF4B-00C04F79EFBC}") = "Unity.VSCode.Editor", "Unity.VSCode.Editor.csproj", "{BB6D188C-2302-5902-BD01-A043B409E1A0}"
EndProject
Project("{FAE04EC0-301F-11D3-BF4B-00C04F79EFBC}") = "MARS.Editor.Bootstrap", "MARS.Editor.Bootstrap.csproj", "{05479DB3-38D4-16CF-B6F4-EDC7AAE60F87}"
EndProject
Project("{FAE04EC0-301F-11D3-BF4B-00C04F79EFBC}") = "Unity.Properties.CodeGen", "Unity.Properties.CodeGen.csproj", "{9F8DA16F-F3DF-B226-2B63-F766D917058C}"
EndProject
Project("{FAE04EC0-301F-11D3-BF4B-00C04F79EFBC}") = "Unity.EditorCoroutines.Editor", "Unity.EditorCoroutines.Editor.csproj", "{A5BCF6EA-A325-14A3-7EEB-FA1A5D7C4005}"
EndProject
Project("{FAE04EC0-301F-11D3-BF4B-00C04F79EFBC}") = "UnityEditor.SpatialTracking", "UnityEditor.SpatialTracking.csproj", "{810FCCB8-6D56-C852-4702-7D87367D5CCD}"
EndProject
Project("{FAE04EC0-301F-11D3-BF4B-00C04F79EFBC}") = "Unity.XRTools.ModuleLoader.Editor", "Unity.XRTools.ModuleLoader.Editor.csproj", "{1C8AEC22-F485-C9AE-9774-1B482E3B6FC7}"
EndProject
Project("{FAE04EC0-301F-11D3-BF4B-00C04F79EFBC}") = "Unity.RuntimeSceneSerialization.CodeGen", "Unity.RuntimeSceneSerialization.CodeGen.csproj", "{F6E33215-F402-5E48-4B1D-43AFBF6BCE81}"
EndProject
Project("{FAE04EC0-301F-11D3-BF4B-00C04F79EFBC}") = "Unity.XR.ARFoundation.Editor", "Unity.XR.ARFoundation.Editor.csproj", "{9937291C-0F98-A63E-E5B9-4E22A950E551}"
EndProject
Project("{FAE04EC0-301F-11D3-BF4B-00C04F79EFBC}") = "Unity.XRTools.Utils.Editor", "Unity.XRTools.Utils.Editor.csproj", "{8F668037-0EFB-A634-25DB-9DFEEFED8489}"
EndProject
Project("{FAE04EC0-301F-11D3-BF4B-00C04F79EFBC}") = "Unity.Mathematics.Editor", "Unity.Mathematics.Editor.csproj", "{FCB38E6B-69C8-D080-1938-BD634084C84B}"
EndProject
Project("{FAE04EC0-301F-11D3-BF4B-00C04F79EFBC}") = "Unity.Burst.Editor", "Unity.Burst.Editor.csproj", "{4E11212F-4601-FF4F-E498-52F2295480DA}"
EndProject
Project("{FAE04EC0-301F-11D3-BF4B-00C04F79EFBC}") = "UnityEditor.XR.LegacyInputHelpers", "UnityEditor.XR.LegacyInputHelpers.csproj", "{EBEB745B-AE81-E900-6290-52A6DE21D208}"
EndProject
Project("{FAE04EC0-301F-11D3-BF4B-00C04F79EFBC}") = "Unity.MARS.Providers.ARFoundation.Editor", "Unity.MARS.Providers.ARFoundation.Editor.csproj", "{F343BBA0-11E5-FA60-AB06-6A606EEEAF36}"
EndProject
Project("{FAE04EC0-301F-11D3-BF4B-00C04F79EFBC}") = "Unity.XR.ARSubsystems.Editor", "Unity.XR.ARSubsystems.Editor.csproj", "{43FE4950-F707-62DE-A150-0898FFE32C3A}"
EndProject
Project("{FAE04EC0-301F-11D3-BF4B-00C04F79EFBC}") = "Unity.Properties.Editor", "Unity.Properties.Editor.csproj", "{052B3F17-185E-C4B9-F4A5-8D072DBE00E8}"
EndProject
Project("{FAE04EC0-301F-11D3-BF4B-00C04F79EFBC}") = "Unity.Jobs.Editor", "Unity.Jobs.Editor.csproj", "{27A71D39-62AF-DA15-3A82-CD23CCF53CD9}"
EndProject
Project("{FAE04EC0-301F-11D3-BF4B-00C04F79EFBC}") = "Unity.RuntimeSceneSerialization.Editor", "Unity.RuntimeSceneSerialization.Editor.csproj", "{48C9B5F7-2A2B-9104-D541-0FC7F4C3CC7C}"
EndProject
Project("{FAE04EC0-301F-11D3-BF4B-00C04F79EFBC}") = "NavMeshComponentsEditor", "NavMeshComponentsEditor.csproj", "{4835804B-53BF-EC5C-EB71-9935F3AEFAC3}"
EndProject
Project("{FAE04EC0-301F-11D3-BF4B-00C04F79EFBC}") = "Unity.InternalAPIEditorBridge.005", "Unity.InternalAPIEditorBridge.005.csproj", "{52D9BD59-8145-3832-BDF3-5FAA6930225C}"
EndProject
Project("{FAE04EC0-301F-11D3-BF4B-00C04F79EFBC}") = "Unity.Serialization.Editor", "Unity.Serialization.Editor.csproj", "{368B0ED1-8E50-C610-5C66-57FDFD66A477}"
EndProject
Global
	GlobalSection(SolutionConfigurationPlatforms) = preSolution
		Debug|Any CPU = Debug|Any CPU
		Release|Any CPU = Release|Any CPU
	EndGlobalSection
	GlobalSection(ProjectConfigurationPlatforms) = postSolution
		{B79FD6D2-468B-38A8-FB01-CC2193C4B82C}.Debug|Any CPU.ActiveCfg = Debug|Any CPU
		{B79FD6D2-468B-38A8-FB01-CC2193C4B82C}.Debug|Any CPU.Build.0 = Debug|Any CPU
		{B79FD6D2-468B-38A8-FB01-CC2193C4B82C}.Release|Any CPU.ActiveCfg = Release|Any CPU
		{B79FD6D2-468B-38A8-FB01-CC2193C4B82C}.Release|Any CPU.Build.0 = Release|Any CPU
		{9573520D-206A-E6C6-AE42-B7F3DC6CD0BF}.Debug|Any CPU.ActiveCfg = Debug|Any CPU
		{9573520D-206A-E6C6-AE42-B7F3DC6CD0BF}.Debug|Any CPU.Build.0 = Debug|Any CPU
		{9573520D-206A-E6C6-AE42-B7F3DC6CD0BF}.Release|Any CPU.ActiveCfg = Release|Any CPU
		{9573520D-206A-E6C6-AE42-B7F3DC6CD0BF}.Release|Any CPU.Build.0 = Release|Any CPU
		{510E7829-ABD8-52E9-71F9-643C0EE8D20F}.Debug|Any CPU.ActiveCfg = Debug|Any CPU
		{510E7829-ABD8-52E9-71F9-643C0EE8D20F}.Debug|Any CPU.Build.0 = Debug|Any CPU
		{510E7829-ABD8-52E9-71F9-643C0EE8D20F}.Release|Any CPU.ActiveCfg = Release|Any CPU
		{510E7829-ABD8-52E9-71F9-643C0EE8D20F}.Release|Any CPU.Build.0 = Release|Any CPU
		{F7802E11-0AF3-562F-91C1-026A4A7325ED}.Debug|Any CPU.ActiveCfg = Debug|Any CPU
		{F7802E11-0AF3-562F-91C1-026A4A7325ED}.Debug|Any CPU.Build.0 = Debug|Any CPU
		{F7802E11-0AF3-562F-91C1-026A4A7325ED}.Release|Any CPU.ActiveCfg = Release|Any CPU
		{F7802E11-0AF3-562F-91C1-026A4A7325ED}.Release|Any CPU.Build.0 = Release|Any CPU
		{14C1684F-8EA8-3AE0-30BA-839B76E3E7B2}.Debug|Any CPU.ActiveCfg = Debug|Any CPU
		{14C1684F-8EA8-3AE0-30BA-839B76E3E7B2}.Debug|Any CPU.Build.0 = Debug|Any CPU
		{14C1684F-8EA8-3AE0-30BA-839B76E3E7B2}.Release|Any CPU.ActiveCfg = Release|Any CPU
		{14C1684F-8EA8-3AE0-30BA-839B76E3E7B2}.Release|Any CPU.Build.0 = Release|Any CPU
		{360F6061-7F9D-1C09-90D5-DBA40B8F1FBD}.Debug|Any CPU.ActiveCfg = Debug|Any CPU
		{360F6061-7F9D-1C09-90D5-DBA40B8F1FBD}.Debug|Any CPU.Build.0 = Debug|Any CPU
		{360F6061-7F9D-1C09-90D5-DBA40B8F1FBD}.Release|Any CPU.ActiveCfg = Release|Any CPU
		{360F6061-7F9D-1C09-90D5-DBA40B8F1FBD}.Release|Any CPU.Build.0 = Release|Any CPU
		{3840DED5-4DAA-4169-7923-B39C6FE2E8A2}.Debug|Any CPU.ActiveCfg = Debug|Any CPU
		{3840DED5-4DAA-4169-7923-B39C6FE2E8A2}.Debug|Any CPU.Build.0 = Debug|Any CPU
		{3840DED5-4DAA-4169-7923-B39C6FE2E8A2}.Release|Any CPU.ActiveCfg = Release|Any CPU
		{3840DED5-4DAA-4169-7923-B39C6FE2E8A2}.Release|Any CPU.Build.0 = Release|Any CPU
		{4FAB6BE1-6F68-213C-8401-0DE723ECD15A}.Debug|Any CPU.ActiveCfg = Debug|Any CPU
		{4FAB6BE1-6F68-213C-8401-0DE723ECD15A}.Debug|Any CPU.Build.0 = Debug|Any CPU
		{4FAB6BE1-6F68-213C-8401-0DE723ECD15A}.Release|Any CPU.ActiveCfg = Release|Any CPU
		{4FAB6BE1-6F68-213C-8401-0DE723ECD15A}.Release|Any CPU.Build.0 = Release|Any CPU
		{67AB0216-2E2A-D25F-C482-41A4F1016E5F}.Debug|Any CPU.ActiveCfg = Debug|Any CPU
		{67AB0216-2E2A-D25F-C482-41A4F1016E5F}.Debug|Any CPU.Build.0 = Debug|Any CPU
		{67AB0216-2E2A-D25F-C482-41A4F1016E5F}.Release|Any CPU.ActiveCfg = Release|Any CPU
		{67AB0216-2E2A-D25F-C482-41A4F1016E5F}.Release|Any CPU.Build.0 = Release|Any CPU
		{DADD9670-205C-42FB-5E52-C749D837795C}.Debug|Any CPU.ActiveCfg = Debug|Any CPU
		{DADD9670-205C-42FB-5E52-C749D837795C}.Debug|Any CPU.Build.0 = Debug|Any CPU
		{DADD9670-205C-42FB-5E52-C749D837795C}.Release|Any CPU.ActiveCfg = Release|Any CPU
		{DADD9670-205C-42FB-5E52-C749D837795C}.Release|Any CPU.Build.0 = Release|Any CPU
		{4D27AC66-75E9-7D38-0BC2-B871BD936B8D}.Debug|Any CPU.ActiveCfg = Debug|Any CPU
		{4D27AC66-75E9-7D38-0BC2-B871BD936B8D}.Debug|Any CPU.Build.0 = Debug|Any CPU
		{4D27AC66-75E9-7D38-0BC2-B871BD936B8D}.Release|Any CPU.ActiveCfg = Release|Any CPU
		{4D27AC66-75E9-7D38-0BC2-B871BD936B8D}.Release|Any CPU.Build.0 = Release|Any CPU
		{150BD12D-913A-B79D-CAC6-F2CCB379E6C8}.Debug|Any CPU.ActiveCfg = Debug|Any CPU
		{150BD12D-913A-B79D-CAC6-F2CCB379E6C8}.Debug|Any CPU.Build.0 = Debug|Any CPU
		{150BD12D-913A-B79D-CAC6-F2CCB379E6C8}.Release|Any CPU.ActiveCfg = Release|Any CPU
		{150BD12D-913A-B79D-CAC6-F2CCB379E6C8}.Release|Any CPU.Build.0 = Release|Any CPU
		{A3550A9B-728C-EA29-0ACD-0F8DA45CC63A}.Debug|Any CPU.ActiveCfg = Debug|Any CPU
		{A3550A9B-728C-EA29-0ACD-0F8DA45CC63A}.Debug|Any CPU.Build.0 = Debug|Any CPU
		{A3550A9B-728C-EA29-0ACD-0F8DA45CC63A}.Release|Any CPU.ActiveCfg = Release|Any CPU
		{A3550A9B-728C-EA29-0ACD-0F8DA45CC63A}.Release|Any CPU.Build.0 = Release|Any CPU
		{FF93EA03-1B34-9E1F-8DCE-FA3020775B65}.Debug|Any CPU.ActiveCfg = Debug|Any CPU
		{FF93EA03-1B34-9E1F-8DCE-FA3020775B65}.Debug|Any CPU.Build.0 = Debug|Any CPU
		{FF93EA03-1B34-9E1F-8DCE-FA3020775B65}.Release|Any CPU.ActiveCfg = Release|Any CPU
		{FF93EA03-1B34-9E1F-8DCE-FA3020775B65}.Release|Any CPU.Build.0 = Release|Any CPU
		{97AC161C-7AE4-8131-0F3C-E17ADBA17AD4}.Debug|Any CPU.ActiveCfg = Debug|Any CPU
		{97AC161C-7AE4-8131-0F3C-E17ADBA17AD4}.Debug|Any CPU.Build.0 = Debug|Any CPU
		{97AC161C-7AE4-8131-0F3C-E17ADBA17AD4}.Release|Any CPU.ActiveCfg = Release|Any CPU
		{97AC161C-7AE4-8131-0F3C-E17ADBA17AD4}.Release|Any CPU.Build.0 = Release|Any CPU
		{6C91488D-80BC-3EC0-7945-0FA2ED977679}.Debug|Any CPU.ActiveCfg = Debug|Any CPU
		{6C91488D-80BC-3EC0-7945-0FA2ED977679}.Debug|Any CPU.Build.0 = Debug|Any CPU
		{6C91488D-80BC-3EC0-7945-0FA2ED977679}.Release|Any CPU.ActiveCfg = Release|Any CPU
		{6C91488D-80BC-3EC0-7945-0FA2ED977679}.Release|Any CPU.Build.0 = Release|Any CPU
		{76EFDCB6-3D7D-6F26-8443-22E656FC1519}.Debug|Any CPU.ActiveCfg = Debug|Any CPU
		{76EFDCB6-3D7D-6F26-8443-22E656FC1519}.Debug|Any CPU.Build.0 = Debug|Any CPU
		{76EFDCB6-3D7D-6F26-8443-22E656FC1519}.Release|Any CPU.ActiveCfg = Release|Any CPU
		{76EFDCB6-3D7D-6F26-8443-22E656FC1519}.Release|Any CPU.Build.0 = Release|Any CPU
		{46AAA727-79F1-CE61-E149-4FF71E6A5654}.Debug|Any CPU.ActiveCfg = Debug|Any CPU
		{46AAA727-79F1-CE61-E149-4FF71E6A5654}.Debug|Any CPU.Build.0 = Debug|Any CPU
		{46AAA727-79F1-CE61-E149-4FF71E6A5654}.Release|Any CPU.ActiveCfg = Release|Any CPU
		{46AAA727-79F1-CE61-E149-4FF71E6A5654}.Release|Any CPU.Build.0 = Release|Any CPU
		{0ECF557A-A87D-AAFD-557F-7396C472BFF2}.Debug|Any CPU.ActiveCfg = Debug|Any CPU
		{0ECF557A-A87D-AAFD-557F-7396C472BFF2}.Debug|Any CPU.Build.0 = Debug|Any CPU
		{0ECF557A-A87D-AAFD-557F-7396C472BFF2}.Release|Any CPU.ActiveCfg = Release|Any CPU
		{0ECF557A-A87D-AAFD-557F-7396C472BFF2}.Release|Any CPU.Build.0 = Release|Any CPU
		{68935561-146A-092C-1CE2-388EF65D57EF}.Debug|Any CPU.ActiveCfg = Debug|Any CPU
		{68935561-146A-092C-1CE2-388EF65D57EF}.Debug|Any CPU.Build.0 = Debug|Any CPU
		{68935561-146A-092C-1CE2-388EF65D57EF}.Release|Any CPU.ActiveCfg = Release|Any CPU
		{68935561-146A-092C-1CE2-388EF65D57EF}.Release|Any CPU.Build.0 = Release|Any CPU
		{656D2392-1D51-A4DB-B824-C1DE8450CE42}.Debug|Any CPU.ActiveCfg = Debug|Any CPU
		{656D2392-1D51-A4DB-B824-C1DE8450CE42}.Debug|Any CPU.Build.0 = Debug|Any CPU
		{656D2392-1D51-A4DB-B824-C1DE8450CE42}.Release|Any CPU.ActiveCfg = Release|Any CPU
		{656D2392-1D51-A4DB-B824-C1DE8450CE42}.Release|Any CPU.Build.0 = Release|Any CPU
		{4D212EC0-8690-2E5A-0DC7-1766DB9F2481}.Debug|Any CPU.ActiveCfg = Debug|Any CPU
		{4D212EC0-8690-2E5A-0DC7-1766DB9F2481}.Debug|Any CPU.Build.0 = Debug|Any CPU
		{4D212EC0-8690-2E5A-0DC7-1766DB9F2481}.Release|Any CPU.ActiveCfg = Release|Any CPU
		{4D212EC0-8690-2E5A-0DC7-1766DB9F2481}.Release|Any CPU.Build.0 = Release|Any CPU
		{82715119-1755-CF34-C91C-42AD4186A7CB}.Debug|Any CPU.ActiveCfg = Debug|Any CPU
		{82715119-1755-CF34-C91C-42AD4186A7CB}.Debug|Any CPU.Build.0 = Debug|Any CPU
		{82715119-1755-CF34-C91C-42AD4186A7CB}.Release|Any CPU.ActiveCfg = Release|Any CPU
		{82715119-1755-CF34-C91C-42AD4186A7CB}.Release|Any CPU.Build.0 = Release|Any CPU
		{D236E51D-E2CF-D23D-6F8A-8DE66DB78B0E}.Debug|Any CPU.ActiveCfg = Debug|Any CPU
		{D236E51D-E2CF-D23D-6F8A-8DE66DB78B0E}.Debug|Any CPU.Build.0 = Debug|Any CPU
		{D236E51D-E2CF-D23D-6F8A-8DE66DB78B0E}.Release|Any CPU.ActiveCfg = Release|Any CPU
		{D236E51D-E2CF-D23D-6F8A-8DE66DB78B0E}.Release|Any CPU.Build.0 = Release|Any CPU
		{D21E5A4A-2000-7AFD-2925-AD89E9AF7D0A}.Debug|Any CPU.ActiveCfg = Debug|Any CPU
		{D21E5A4A-2000-7AFD-2925-AD89E9AF7D0A}.Debug|Any CPU.Build.0 = Debug|Any CPU
		{D21E5A4A-2000-7AFD-2925-AD89E9AF7D0A}.Release|Any CPU.ActiveCfg = Release|Any CPU
		{D21E5A4A-2000-7AFD-2925-AD89E9AF7D0A}.Release|Any CPU.Build.0 = Release|Any CPU
		{B1AD06A5-2CA7-D6F8-EB73-85CC2E1ADC81}.Debug|Any CPU.ActiveCfg = Debug|Any CPU
		{B1AD06A5-2CA7-D6F8-EB73-85CC2E1ADC81}.Debug|Any CPU.Build.0 = Debug|Any CPU
		{B1AD06A5-2CA7-D6F8-EB73-85CC2E1ADC81}.Release|Any CPU.ActiveCfg = Release|Any CPU
		{B1AD06A5-2CA7-D6F8-EB73-85CC2E1ADC81}.Release|Any CPU.Build.0 = Release|Any CPU
		{D6E93D5C-9804-2D53-A0D9-4D08D36D9B79}.Debug|Any CPU.ActiveCfg = Debug|Any CPU
		{D6E93D5C-9804-2D53-A0D9-4D08D36D9B79}.Debug|Any CPU.Build.0 = Debug|Any CPU
		{D6E93D5C-9804-2D53-A0D9-4D08D36D9B79}.Release|Any CPU.ActiveCfg = Release|Any CPU
		{D6E93D5C-9804-2D53-A0D9-4D08D36D9B79}.Release|Any CPU.Build.0 = Release|Any CPU
		{641FC2B3-4BC4-05A3-20DC-D07F94DB04AA}.Debug|Any CPU.ActiveCfg = Debug|Any CPU
		{641FC2B3-4BC4-05A3-20DC-D07F94DB04AA}.Debug|Any CPU.Build.0 = Debug|Any CPU
		{641FC2B3-4BC4-05A3-20DC-D07F94DB04AA}.Release|Any CPU.ActiveCfg = Release|Any CPU
		{641FC2B3-4BC4-05A3-20DC-D07F94DB04AA}.Release|Any CPU.Build.0 = Release|Any CPU
		{E1A4E058-8730-80CB-FDBD-1B4C31688068}.Debug|Any CPU.ActiveCfg = Debug|Any CPU
		{E1A4E058-8730-80CB-FDBD-1B4C31688068}.Debug|Any CPU.Build.0 = Debug|Any CPU
		{E1A4E058-8730-80CB-FDBD-1B4C31688068}.Release|Any CPU.ActiveCfg = Release|Any CPU
		{E1A4E058-8730-80CB-FDBD-1B4C31688068}.Release|Any CPU.Build.0 = Release|Any CPU
		{BCA36A37-CD5C-B0BE-BBC1-361CD59B537B}.Debug|Any CPU.ActiveCfg = Debug|Any CPU
		{BCA36A37-CD5C-B0BE-BBC1-361CD59B537B}.Debug|Any CPU.Build.0 = Debug|Any CPU
		{BCA36A37-CD5C-B0BE-BBC1-361CD59B537B}.Release|Any CPU.ActiveCfg = Release|Any CPU
		{BCA36A37-CD5C-B0BE-BBC1-361CD59B537B}.Release|Any CPU.Build.0 = Release|Any CPU
		{D26FB099-3CF7-6715-E1C2-C7FADE3C844C}.Debug|Any CPU.ActiveCfg = Debug|Any CPU
		{D26FB099-3CF7-6715-E1C2-C7FADE3C844C}.Debug|Any CPU.Build.0 = Debug|Any CPU
		{D26FB099-3CF7-6715-E1C2-C7FADE3C844C}.Release|Any CPU.ActiveCfg = Release|Any CPU
		{D26FB099-3CF7-6715-E1C2-C7FADE3C844C}.Release|Any CPU.Build.0 = Release|Any CPU
		{C7988EC7-5BF1-DC16-7C5E-C965DA270668}.Debug|Any CPU.ActiveCfg = Debug|Any CPU
		{C7988EC7-5BF1-DC16-7C5E-C965DA270668}.Debug|Any CPU.Build.0 = Debug|Any CPU
		{C7988EC7-5BF1-DC16-7C5E-C965DA270668}.Release|Any CPU.ActiveCfg = Release|Any CPU
		{C7988EC7-5BF1-DC16-7C5E-C965DA270668}.Release|Any CPU.Build.0 = Release|Any CPU
		{7E5DEFF0-793D-6383-A95F-F2896FABD553}.Debug|Any CPU.ActiveCfg = Debug|Any CPU
		{7E5DEFF0-793D-6383-A95F-F2896FABD553}.Debug|Any CPU.Build.0 = Debug|Any CPU
		{7E5DEFF0-793D-6383-A95F-F2896FABD553}.Release|Any CPU.ActiveCfg = Release|Any CPU
		{7E5DEFF0-793D-6383-A95F-F2896FABD553}.Release|Any CPU.Build.0 = Release|Any CPU
		{0BEC510F-788C-85F8-BFA9-CB56BED791D9}.Debug|Any CPU.ActiveCfg = Debug|Any CPU
		{0BEC510F-788C-85F8-BFA9-CB56BED791D9}.Debug|Any CPU.Build.0 = Debug|Any CPU
		{0BEC510F-788C-85F8-BFA9-CB56BED791D9}.Release|Any CPU.ActiveCfg = Release|Any CPU
		{0BEC510F-788C-85F8-BFA9-CB56BED791D9}.Release|Any CPU.Build.0 = Release|Any CPU
		{484F5309-1C63-CB85-D9C2-E46D070CFEAA}.Debug|Any CPU.ActiveCfg = Debug|Any CPU
		{484F5309-1C63-CB85-D9C2-E46D070CFEAA}.Debug|Any CPU.Build.0 = Debug|Any CPU
		{484F5309-1C63-CB85-D9C2-E46D070CFEAA}.Release|Any CPU.ActiveCfg = Release|Any CPU
		{484F5309-1C63-CB85-D9C2-E46D070CFEAA}.Release|Any CPU.Build.0 = Release|Any CPU
		{19B53522-5667-B5F5-CA6C-DAFB1FB3E001}.Debug|Any CPU.ActiveCfg = Debug|Any CPU
		{19B53522-5667-B5F5-CA6C-DAFB1FB3E001}.Debug|Any CPU.Build.0 = Debug|Any CPU
		{19B53522-5667-B5F5-CA6C-DAFB1FB3E001}.Release|Any CPU.ActiveCfg = Release|Any CPU
		{19B53522-5667-B5F5-CA6C-DAFB1FB3E001}.Release|Any CPU.Build.0 = Release|Any CPU
		{CEE2F5C3-5213-2730-AF55-48B06E22CD54}.Debug|Any CPU.ActiveCfg = Debug|Any CPU
		{CEE2F5C3-5213-2730-AF55-48B06E22CD54}.Debug|Any CPU.Build.0 = Debug|Any CPU
		{CEE2F5C3-5213-2730-AF55-48B06E22CD54}.Release|Any CPU.ActiveCfg = Release|Any CPU
		{CEE2F5C3-5213-2730-AF55-48B06E22CD54}.Release|Any CPU.Build.0 = Release|Any CPU
		{7C158C92-9C14-3DD9-B59F-CC741166F23B}.Debug|Any CPU.ActiveCfg = Debug|Any CPU
		{7C158C92-9C14-3DD9-B59F-CC741166F23B}.Debug|Any CPU.Build.0 = Debug|Any CPU
		{7C158C92-9C14-3DD9-B59F-CC741166F23B}.Release|Any CPU.ActiveCfg = Release|Any CPU
		{7C158C92-9C14-3DD9-B59F-CC741166F23B}.Release|Any CPU.Build.0 = Release|Any CPU
		{8D19AC99-28BE-0C30-6A38-C5F40835753A}.Debug|Any CPU.ActiveCfg = Debug|Any CPU
		{8D19AC99-28BE-0C30-6A38-C5F40835753A}.Debug|Any CPU.Build.0 = Debug|Any CPU
		{8D19AC99-28BE-0C30-6A38-C5F40835753A}.Release|Any CPU.ActiveCfg = Release|Any CPU
		{8D19AC99-28BE-0C30-6A38-C5F40835753A}.Release|Any CPU.Build.0 = Release|Any CPU
		{B89F38C7-5482-1630-4B61-37A02C7EA121}.Debug|Any CPU.ActiveCfg = Debug|Any CPU
		{B89F38C7-5482-1630-4B61-37A02C7EA121}.Debug|Any CPU.Build.0 = Debug|Any CPU
		{B89F38C7-5482-1630-4B61-37A02C7EA121}.Release|Any CPU.ActiveCfg = Release|Any CPU
		{B89F38C7-5482-1630-4B61-37A02C7EA121}.Release|Any CPU.Build.0 = Release|Any CPU
		{771DBBAE-E8B7-2C22-0A43-25ACF2D54A27}.Debug|Any CPU.ActiveCfg = Debug|Any CPU
		{771DBBAE-E8B7-2C22-0A43-25ACF2D54A27}.Debug|Any CPU.Build.0 = Debug|Any CPU
		{771DBBAE-E8B7-2C22-0A43-25ACF2D54A27}.Release|Any CPU.ActiveCfg = Release|Any CPU
		{771DBBAE-E8B7-2C22-0A43-25ACF2D54A27}.Release|Any CPU.Build.0 = Release|Any CPU
		{DA48A16A-1BA6-3744-289C-96369A6050FE}.Debug|Any CPU.ActiveCfg = Debug|Any CPU
		{DA48A16A-1BA6-3744-289C-96369A6050FE}.Debug|Any CPU.Build.0 = Debug|Any CPU
		{DA48A16A-1BA6-3744-289C-96369A6050FE}.Release|Any CPU.ActiveCfg = Release|Any CPU
		{DA48A16A-1BA6-3744-289C-96369A6050FE}.Release|Any CPU.Build.0 = Release|Any CPU
		{5EE5CB2A-8475-1BD9-CC95-E185531C7E1E}.Debug|Any CPU.ActiveCfg = Debug|Any CPU
		{5EE5CB2A-8475-1BD9-CC95-E185531C7E1E}.Debug|Any CPU.Build.0 = Debug|Any CPU
		{5EE5CB2A-8475-1BD9-CC95-E185531C7E1E}.Release|Any CPU.ActiveCfg = Release|Any CPU
		{5EE5CB2A-8475-1BD9-CC95-E185531C7E1E}.Release|Any CPU.Build.0 = Release|Any CPU
		{3EEAE43C-B699-DF56-B92C-5670A17B45BA}.Debug|Any CPU.ActiveCfg = Debug|Any CPU
		{3EEAE43C-B699-DF56-B92C-5670A17B45BA}.Debug|Any CPU.Build.0 = Debug|Any CPU
		{3EEAE43C-B699-DF56-B92C-5670A17B45BA}.Release|Any CPU.ActiveCfg = Release|Any CPU
		{3EEAE43C-B699-DF56-B92C-5670A17B45BA}.Release|Any CPU.Build.0 = Release|Any CPU
		{3E50EC32-A544-ADDF-9FCD-82955892CFCA}.Debug|Any CPU.ActiveCfg = Debug|Any CPU
		{3E50EC32-A544-ADDF-9FCD-82955892CFCA}.Debug|Any CPU.Build.0 = Debug|Any CPU
		{3E50EC32-A544-ADDF-9FCD-82955892CFCA}.Release|Any CPU.ActiveCfg = Release|Any CPU
		{3E50EC32-A544-ADDF-9FCD-82955892CFCA}.Release|Any CPU.Build.0 = Release|Any CPU
		{B7838858-BB0D-7749-55C1-2E2C9E1400E6}.Debug|Any CPU.ActiveCfg = Debug|Any CPU
		{B7838858-BB0D-7749-55C1-2E2C9E1400E6}.Debug|Any CPU.Build.0 = Debug|Any CPU
		{B7838858-BB0D-7749-55C1-2E2C9E1400E6}.Release|Any CPU.ActiveCfg = Release|Any CPU
		{B7838858-BB0D-7749-55C1-2E2C9E1400E6}.Release|Any CPU.Build.0 = Release|Any CPU
		{12A6FC40-94FB-C09F-AB99-8F01FAFE2F7D}.Debug|Any CPU.ActiveCfg = Debug|Any CPU
		{12A6FC40-94FB-C09F-AB99-8F01FAFE2F7D}.Debug|Any CPU.Build.0 = Debug|Any CPU
		{12A6FC40-94FB-C09F-AB99-8F01FAFE2F7D}.Release|Any CPU.ActiveCfg = Release|Any CPU
		{12A6FC40-94FB-C09F-AB99-8F01FAFE2F7D}.Release|Any CPU.Build.0 = Release|Any CPU
		{00070B97-25AD-0EA4-3561-2D5AE0751662}.Debug|Any CPU.ActiveCfg = Debug|Any CPU
		{00070B97-25AD-0EA4-3561-2D5AE0751662}.Debug|Any CPU.Build.0 = Debug|Any CPU
		{00070B97-25AD-0EA4-3561-2D5AE0751662}.Release|Any CPU.ActiveCfg = Release|Any CPU
		{00070B97-25AD-0EA4-3561-2D5AE0751662}.Release|Any CPU.Build.0 = Release|Any CPU
		{00BC37F9-AF47-4673-101C-E396F71B35E4}.Debug|Any CPU.ActiveCfg = Debug|Any CPU
		{00BC37F9-AF47-4673-101C-E396F71B35E4}.Debug|Any CPU.Build.0 = Debug|Any CPU
		{00BC37F9-AF47-4673-101C-E396F71B35E4}.Release|Any CPU.ActiveCfg = Release|Any CPU
		{00BC37F9-AF47-4673-101C-E396F71B35E4}.Release|Any CPU.Build.0 = Release|Any CPU
		{FFD0A68A-EF35-159B-C1F8-4CC3069A244F}.Debug|Any CPU.ActiveCfg = Debug|Any CPU
		{FFD0A68A-EF35-159B-C1F8-4CC3069A244F}.Debug|Any CPU.Build.0 = Debug|Any CPU
		{FFD0A68A-EF35-159B-C1F8-4CC3069A244F}.Release|Any CPU.ActiveCfg = Release|Any CPU
		{FFD0A68A-EF35-159B-C1F8-4CC3069A244F}.Release|Any CPU.Build.0 = Release|Any CPU
		{BB6D188C-2302-5902-BD01-A043B409E1A0}.Debug|Any CPU.ActiveCfg = Debug|Any CPU
		{BB6D188C-2302-5902-BD01-A043B409E1A0}.Debug|Any CPU.Build.0 = Debug|Any CPU
		{BB6D188C-2302-5902-BD01-A043B409E1A0}.Release|Any CPU.ActiveCfg = Release|Any CPU
		{BB6D188C-2302-5902-BD01-A043B409E1A0}.Release|Any CPU.Build.0 = Release|Any CPU
		{05479DB3-38D4-16CF-B6F4-EDC7AAE60F87}.Debug|Any CPU.ActiveCfg = Debug|Any CPU
		{05479DB3-38D4-16CF-B6F4-EDC7AAE60F87}.Debug|Any CPU.Build.0 = Debug|Any CPU
		{05479DB3-38D4-16CF-B6F4-EDC7AAE60F87}.Release|Any CPU.ActiveCfg = Release|Any CPU
		{05479DB3-38D4-16CF-B6F4-EDC7AAE60F87}.Release|Any CPU.Build.0 = Release|Any CPU
		{9F8DA16F-F3DF-B226-2B63-F766D917058C}.Debug|Any CPU.ActiveCfg = Debug|Any CPU
		{9F8DA16F-F3DF-B226-2B63-F766D917058C}.Debug|Any CPU.Build.0 = Debug|Any CPU
		{9F8DA16F-F3DF-B226-2B63-F766D917058C}.Release|Any CPU.ActiveCfg = Release|Any CPU
		{9F8DA16F-F3DF-B226-2B63-F766D917058C}.Release|Any CPU.Build.0 = Release|Any CPU
		{A5BCF6EA-A325-14A3-7EEB-FA1A5D7C4005}.Debug|Any CPU.ActiveCfg = Debug|Any CPU
		{A5BCF6EA-A325-14A3-7EEB-FA1A5D7C4005}.Debug|Any CPU.Build.0 = Debug|Any CPU
		{A5BCF6EA-A325-14A3-7EEB-FA1A5D7C4005}.Release|Any CPU.ActiveCfg = Release|Any CPU
		{A5BCF6EA-A325-14A3-7EEB-FA1A5D7C4005}.Release|Any CPU.Build.0 = Release|Any CPU
		{810FCCB8-6D56-C852-4702-7D87367D5CCD}.Debug|Any CPU.ActiveCfg = Debug|Any CPU
		{810FCCB8-6D56-C852-4702-7D87367D5CCD}.Debug|Any CPU.Build.0 = Debug|Any CPU
		{810FCCB8-6D56-C852-4702-7D87367D5CCD}.Release|Any CPU.ActiveCfg = Release|Any CPU
		{810FCCB8-6D56-C852-4702-7D87367D5CCD}.Release|Any CPU.Build.0 = Release|Any CPU
		{1C8AEC22-F485-C9AE-9774-1B482E3B6FC7}.Debug|Any CPU.ActiveCfg = Debug|Any CPU
		{1C8AEC22-F485-C9AE-9774-1B482E3B6FC7}.Debug|Any CPU.Build.0 = Debug|Any CPU
		{1C8AEC22-F485-C9AE-9774-1B482E3B6FC7}.Release|Any CPU.ActiveCfg = Release|Any CPU
		{1C8AEC22-F485-C9AE-9774-1B482E3B6FC7}.Release|Any CPU.Build.0 = Release|Any CPU
		{F6E33215-F402-5E48-4B1D-43AFBF6BCE81}.Debug|Any CPU.ActiveCfg = Debug|Any CPU
		{F6E33215-F402-5E48-4B1D-43AFBF6BCE81}.Debug|Any CPU.Build.0 = Debug|Any CPU
		{F6E33215-F402-5E48-4B1D-43AFBF6BCE81}.Release|Any CPU.ActiveCfg = Release|Any CPU
		{F6E33215-F402-5E48-4B1D-43AFBF6BCE81}.Release|Any CPU.Build.0 = Release|Any CPU
		{9937291C-0F98-A63E-E5B9-4E22A950E551}.Debug|Any CPU.ActiveCfg = Debug|Any CPU
		{9937291C-0F98-A63E-E5B9-4E22A950E551}.Debug|Any CPU.Build.0 = Debug|Any CPU
		{9937291C-0F98-A63E-E5B9-4E22A950E551}.Release|Any CPU.ActiveCfg = Release|Any CPU
		{9937291C-0F98-A63E-E5B9-4E22A950E551}.Release|Any CPU.Build.0 = Release|Any CPU
		{8F668037-0EFB-A634-25DB-9DFEEFED8489}.Debug|Any CPU.ActiveCfg = Debug|Any CPU
		{8F668037-0EFB-A634-25DB-9DFEEFED8489}.Debug|Any CPU.Build.0 = Debug|Any CPU
		{8F668037-0EFB-A634-25DB-9DFEEFED8489}.Release|Any CPU.ActiveCfg = Release|Any CPU
		{8F668037-0EFB-A634-25DB-9DFEEFED8489}.Release|Any CPU.Build.0 = Release|Any CPU
		{FCB38E6B-69C8-D080-1938-BD634084C84B}.Debug|Any CPU.ActiveCfg = Debug|Any CPU
		{FCB38E6B-69C8-D080-1938-BD634084C84B}.Debug|Any CPU.Build.0 = Debug|Any CPU
		{FCB38E6B-69C8-D080-1938-BD634084C84B}.Release|Any CPU.ActiveCfg = Release|Any CPU
		{FCB38E6B-69C8-D080-1938-BD634084C84B}.Release|Any CPU.Build.0 = Release|Any CPU
		{4E11212F-4601-FF4F-E498-52F2295480DA}.Debug|Any CPU.ActiveCfg = Debug|Any CPU
		{4E11212F-4601-FF4F-E498-52F2295480DA}.Debug|Any CPU.Build.0 = Debug|Any CPU
		{4E11212F-4601-FF4F-E498-52F2295480DA}.Release|Any CPU.ActiveCfg = Release|Any CPU
		{4E11212F-4601-FF4F-E498-52F2295480DA}.Release|Any CPU.Build.0 = Release|Any CPU
		{EBEB745B-AE81-E900-6290-52A6DE21D208}.Debug|Any CPU.ActiveCfg = Debug|Any CPU
		{EBEB745B-AE81-E900-6290-52A6DE21D208}.Debug|Any CPU.Build.0 = Debug|Any CPU
		{EBEB745B-AE81-E900-6290-52A6DE21D208}.Release|Any CPU.ActiveCfg = Release|Any CPU
		{EBEB745B-AE81-E900-6290-52A6DE21D208}.Release|Any CPU.Build.0 = Release|Any CPU
		{F343BBA0-11E5-FA60-AB06-6A606EEEAF36}.Debug|Any CPU.ActiveCfg = Debug|Any CPU
		{F343BBA0-11E5-FA60-AB06-6A606EEEAF36}.Debug|Any CPU.Build.0 = Debug|Any CPU
		{F343BBA0-11E5-FA60-AB06-6A606EEEAF36}.Release|Any CPU.ActiveCfg = Release|Any CPU
		{F343BBA0-11E5-FA60-AB06-6A606EEEAF36}.Release|Any CPU.Build.0 = Release|Any CPU
		{43FE4950-F707-62DE-A150-0898FFE32C3A}.Debug|Any CPU.ActiveCfg = Debug|Any CPU
		{43FE4950-F707-62DE-A150-0898FFE32C3A}.Debug|Any CPU.Build.0 = Debug|Any CPU
		{43FE4950-F707-62DE-A150-0898FFE32C3A}.Release|Any CPU.ActiveCfg = Release|Any CPU
		{43FE4950-F707-62DE-A150-0898FFE32C3A}.Release|Any CPU.Build.0 = Release|Any CPU
		{052B3F17-185E-C4B9-F4A5-8D072DBE00E8}.Debug|Any CPU.ActiveCfg = Debug|Any CPU
		{052B3F17-185E-C4B9-F4A5-8D072DBE00E8}.Debug|Any CPU.Build.0 = Debug|Any CPU
		{052B3F17-185E-C4B9-F4A5-8D072DBE00E8}.Release|Any CPU.ActiveCfg = Release|Any CPU
		{052B3F17-185E-C4B9-F4A5-8D072DBE00E8}.Release|Any CPU.Build.0 = Release|Any CPU
		{27A71D39-62AF-DA15-3A82-CD23CCF53CD9}.Debug|Any CPU.ActiveCfg = Debug|Any CPU
		{27A71D39-62AF-DA15-3A82-CD23CCF53CD9}.Debug|Any CPU.Build.0 = Debug|Any CPU
		{27A71D39-62AF-DA15-3A82-CD23CCF53CD9}.Release|Any CPU.ActiveCfg = Release|Any CPU
		{27A71D39-62AF-DA15-3A82-CD23CCF53CD9}.Release|Any CPU.Build.0 = Release|Any CPU
		{48C9B5F7-2A2B-9104-D541-0FC7F4C3CC7C}.Debug|Any CPU.ActiveCfg = Debug|Any CPU
		{48C9B5F7-2A2B-9104-D541-0FC7F4C3CC7C}.Debug|Any CPU.Build.0 = Debug|Any CPU
		{48C9B5F7-2A2B-9104-D541-0FC7F4C3CC7C}.Release|Any CPU.ActiveCfg = Release|Any CPU
		{48C9B5F7-2A2B-9104-D541-0FC7F4C3CC7C}.Release|Any CPU.Build.0 = Release|Any CPU
		{4835804B-53BF-EC5C-EB71-9935F3AEFAC3}.Debug|Any CPU.ActiveCfg = Debug|Any CPU
		{4835804B-53BF-EC5C-EB71-9935F3AEFAC3}.Debug|Any CPU.Build.0 = Debug|Any CPU
		{4835804B-53BF-EC5C-EB71-9935F3AEFAC3}.Release|Any CPU.ActiveCfg = Release|Any CPU
		{4835804B-53BF-EC5C-EB71-9935F3AEFAC3}.Release|Any CPU.Build.0 = Release|Any CPU
		{52D9BD59-8145-3832-BDF3-5FAA6930225C}.Debug|Any CPU.ActiveCfg = Debug|Any CPU
		{52D9BD59-8145-3832-BDF3-5FAA6930225C}.Debug|Any CPU.Build.0 = Debug|Any CPU
		{52D9BD59-8145-3832-BDF3-5FAA6930225C}.Release|Any CPU.ActiveCfg = Release|Any CPU
		{52D9BD59-8145-3832-BDF3-5FAA6930225C}.Release|Any CPU.Build.0 = Release|Any CPU
		{368B0ED1-8E50-C610-5C66-57FDFD66A477}.Debug|Any CPU.ActiveCfg = Debug|Any CPU
		{368B0ED1-8E50-C610-5C66-57FDFD66A477}.Debug|Any CPU.Build.0 = Debug|Any CPU
		{368B0ED1-8E50-C610-5C66-57FDFD66A477}.Release|Any CPU.ActiveCfg = Release|Any CPU
		{368B0ED1-8E50-C610-5C66-57FDFD66A477}.Release|Any CPU.Build.0 = Release|Any CPU
	EndGlobalSection
	GlobalSection(SolutionProperties) = preSolution
		HideSolutionNode = FALSE
	EndGlobalSection
EndGlobal
